
Microsoft Visual Studio Solution File, Format Version 12.00
# Visual Studio Version 16
VisualStudioVersion = 16.0.30413.136
MinimumVisualStudioVersion = 10.0.40219.1
Project("{FAE04EC0-301F-11D3-BF4B-00C04F79EFBC}") = "RefresherConsole", "RefresherConsole\RefresherConsole.csproj", "{625AEEE1-07FB-4DFE-9BB1-6FCAEF898B15}"
EndProject
Global
	GlobalSection(SolutionConfigurationPlatforms) = preSolution
		Debug|Any CPU = Debug|Any CPU
		Release|Any CPU = Release|Any CPU
	EndGlobalSection
	GlobalSection(ProjectConfigurationPlatforms) = postSolution
		{625AEEE1-07FB-4DFE-9BB1-6FCAEF898B15}.Debug|Any CPU.ActiveCfg = Debug|Any CPU
		{625AEEE1-07FB-4DFE-9BB1-6FCAEF898B15}.Debug|Any CPU.Build.0 = Debug|Any CPU
		{625AEEE1-07FB-4DFE-9BB1-6FCAEF898B15}.Release|Any CPU.ActiveCfg = Release|Any CPU
		{625AEEE1-07FB-4DFE-9BB1-6FCAEF898B15}.Release|Any CPU.Build.0 = Release|Any CPU
	EndGlobalSection
	GlobalSection(SolutionProperties) = preSolution
		HideSolutionNode = FALSE
	EndGlobalSection
	GlobalSection(ExtensibilityGlobals) = postSolution
		SolutionGuid = {04C48752-CA09-4B30-AD68-411C5C3238A9}
	EndGlobalSection
EndGlobal
